code.cloudfoundry.org/lager v2.0.0+incompatible h1:WZwDKDB2PLd/oL+USK4b4aEjUymIej9My2nUQ9oWEwQ=
code.cloudfoundry.org/lager v2.0.0+incompatible/go.mod h1:O2sS7gKP3HM2iemG+EnwvyNQK7pTSC6Foi4QiMp9sSk=
github.com/tedsuo/ifrit v0.0.0-20180802180643-bea94bb476cc h1:LUUe4cdABGrIJAhl1P1ZpWY76AwukVszFdwkVFVLwIk=
github.com/tedsuo/ifrit v0.0.0-20180802180643-bea94bb476cc/go.mod h1:eyZnKCc955uh98WQvzOm0dgAeLnf2O0Rz0LPoC5ze+0=
